
Microsoft Visual Studio Solution File, Format Version 12.00
# Visual Studio Version 16
VisualStudioVersion = 16.0.30804.86
MinimumVisualStudioVersion = 10.0.40219.1
Project("{FAE04EC0-301F-11D3-BF4B-00C04F79EFBC}") = "SchoolDebtApi", "SchoolDebtApi\SchoolDebtApi.csproj", "{46A32C13-57E5-4327-893A-FD28B118FDB0}"
EndProject
Project("{FAE04EC0-301F-11D3-BF4B-00C04F79EFBC}") = "WebScrapperProto", "WebScrapperProto\WebScrapperProto.csproj", "{C21305CE-78AA-442B-8EFA-99639C6C17B5}"
EndProject
Global
	GlobalSection(SolutionConfigurationPlatforms) = preSolution
		Debug|Any CPU = Debug|Any CPU
		Release|Any CPU = Release|Any CPU
	EndGlobalSection
	GlobalSection(ProjectConfigurationPlatforms) = postSolution
		{46A32C13-57E5-4327-893A-FD28B118FDB0}.Debug|Any CPU.ActiveCfg = Debug|Any CPU
		{46A32C13-57E5-4327-893A-FD28B118FDB0}.Debug|Any CPU.Build.0 = Debug|Any CPU
		{46A32C13-57E5-4327-893A-FD28B118FDB0}.Release|Any CPU.ActiveCfg = Release|Any CPU
		{46A32C13-57E5-4327-893A-FD28B118FDB0}.Release|Any CPU.Build.0 = Release|Any CPU
		{C21305CE-78AA-442B-8EFA-99639C6C17B5}.Debug|Any CPU.ActiveCfg = Debug|Any CPU
		{C21305CE-78AA-442B-8EFA-99639C6C17B5}.Debug|Any CPU.Build.0 = Debug|Any CPU
		{C21305CE-78AA-442B-8EFA-99639C6C17B5}.Release|Any CPU.ActiveCfg = Release|Any CPU
		{C21305CE-78AA-442B-8EFA-99639C6C17B5}.Release|Any CPU.Build.0 = Release|Any CPU
	EndGlobalSection
	GlobalSection(SolutionProperties) = preSolution
		HideSolutionNode = FALSE
	EndGlobalSection
	GlobalSection(ExtensibilityGlobals) = postSolution
		SolutionGuid = {76E31FF9-D71F-4DFD-80A4-9767F133C008}
	EndGlobalSection
EndGlobal
